{
  "name": "micro-app-route-issues",
  "lockfileVersion": 2,
  "requires": true,
  "packages": {
    "": {
      "dependencies": {
        "@micro-zoe/micro-app": "^0.8.10"
      }
    },
    "node_modules/@micro-zoe/micro-app": {
      "version": "0.8.10",
      "resolved": "https://registry.npmmirror.com/@micro-zoe/micro-app/-/micro-app-0.8.10.tgz",
      "integrity": "sha512-Zb1G5UrOAEHhiAlanzHJiBlRFHMd4+C/Q5jkwTM991R7blb1F6uGY47pmcunzHns48Kj6k9v2+CLsozGyhQmyw=="
    }
  },
  "dependencies": {
    "@micro-zoe/micro-app": {
      "version": "0.8.10",
      "resolved": "https://registry.npmmirror.com/@micro-zoe/micro-app/-/micro-app-0.8.10.tgz",
      "integrity": "sha512-Zb1G5UrOAEHhiAlanzHJiBlRFHMd4+C/Q5jkwTM991R7blb1F6uGY47pmcunzHns48Kj6k9v2+CLsozGyhQmyw=="
    }
  }
}
